
Microsoft Visual Studio Solution File, Format Version 12.00
# Visual Studio Version 16
VisualStudioVersion = 16.0.29306.81
MinimumVisualStudioVersion = 10.0.40219.1
Project("{FAE04EC0-301F-11D3-BF4B-00C04F79EFBC}") = "ArduinoGraph", "ArduinoGraph\ArduinoGraph.csproj", "{B477D5A3-CE4A-4CD4-9379-04E990C864D0}"
EndProject
Global
	GlobalSection(SolutionConfigurationPlatforms) = preSolution
		Debug|Any CPU = Debug|Any CPU
		Release|Any CPU = Release|Any CPU
	EndGlobalSection
	GlobalSection(ProjectConfigurationPlatforms) = postSolution
		{B477D5A3-CE4A-4CD4-9379-04E990C864D0}.Debug|Any CPU.ActiveCfg = Debug|Any CPU
		{B477D5A3-CE4A-4CD4-9379-04E990C864D0}.Debug|Any CPU.Build.0 = Debug|Any CPU
		{B477D5A3-CE4A-4CD4-9379-04E990C864D0}.Release|Any CPU.ActiveCfg = Release|Any CPU
		{B477D5A3-CE4A-4CD4-9379-04E990C864D0}.Release|Any CPU.Build.0 = Release|Any CPU
	EndGlobalSection
	GlobalSection(SolutionProperties) = preSolution
		HideSolutionNode = FALSE
	EndGlobalSection
	GlobalSection(ExtensibilityGlobals) = postSolution
		SolutionGuid = {4FED290C-AC93-467F-9C63-193B97C7890D}
	EndGlobalSection
EndGlobal
